// !$*UTF8*$!
{
	archiveVersion = 1;
	classes = {
	};
	objectVersion = 46;
	objects = {

/* Begin PBXBuildFile section */
		816A6C051EB5DECB00E5BF51 /* main.m in Sources */ = {isa = PBXBuildFile; fileRef = 816A6C041EB5DECB00E5BF51 /* main.m */; };
		816A6C081EB5DECB00E5BF51 /* AppDelegate.m in Sources */ = {isa = PBXBuildFile; fileRef = 816A6C071EB5DECB00E5BF51 /* AppDelegate.m */; };
		816A6C0B1EB5DECB00E5BF51 /* ViewController.m in Sources */ = {isa = PBXBuildFile; fileRef = 816A6C0A1EB5DECB00E5BF51 /* ViewController.m */; };
		816A6C101EB5DECC00E5BF51 /* Assets.xcassets in Resources */ = {isa = PBXBuildFile; fileRef = 816A6C0F1EB5DECC00E5BF51 /* Assets.xcassets */; };
		816A6C1E1EB5DECC00E5BF51 /* CustomTabbarTests.m in Sources */ = {isa = PBXBuildFile; fileRef = 816A6C1D1EB5DECC00E5BF51 /* CustomTabbarTests.m */; };
		816A6C291EB5DECC00E5BF51 /* CustomTabbarUITests.m in Sources */ = {isa = PBXBuildFile; fileRef = 816A6C281EB5DECC00E5BF51 /* CustomTabbarUITests.m */; };
		816A6C3B1EB5EA6D00E5BF51 /* UITabBar+Custom.m in Sources */ = {isa = PBXBuildFile; fileRef = 816A6C3A1EB5EA6D00E5BF51 /* UITabBar+Custom.m */; };
/* End PBXBuildFile section */

/* Begin PBXContainerItemProxy section */
		816A6C1A1EB5DECC00E5BF51 /* PBXContainerItemProxy */ = {
			isa = PBXContainerItemProxy;
			containerPortal = 816A6BF81EB5DECB00E5BF51 /* Project object */;
			proxyType = 1;
			remoteGlobalIDString = 816A6BFF1EB5DECB00E5BF51;
			remoteInfo = CustomTabbar;
		};
		816A6C251EB5DECC00E5BF51 /* PBXContainerItemProxy */ = {
			isa = PBXContainerItemProxy;
			containerPortal = 816A6BF81EB5DECB00E5BF51 /* Project object */;
			proxyType = 1;
			remoteGlobalIDString = 816A6BFF1EB5DECB00E5BF51;
			remoteInfo = CustomTabbar;
		};
/* End PBXContainerItemProxy section */

/* Begin PBXFileReference section */
		816A6C001EB5DECB00E5BF51 /* CustomTabbar.app */ = {isa = PBXFileReference; explicitFileType = wrapper.application; includeInIndex = 0; path = CustomTabbar.app; sourceTree = BUILT_PRODUCTS_DIR; };
		816A6C041EB5DECB00E5BF51 /* main.m */ = {isa = PBXFileReference; lastKnownFileType = sourcecode.c.objc; path = main.m; sourceTree = "<group>"; };
		816A6C061EB5DECB00E5BF51 /* AppDelegate.h */ = {isa = PBXFileReference; lastKnownFileType = sourcecode.c.h; path = AppDelegate.h; sourceTree = "<group>"; };
		816A6C071EB5DECB00E5BF51 /* AppDelegate.m */ = {isa = PBXFileReference; lastKnownFileType = sourcecode.c.objc; path = AppDelegate.m; sourceTree = "<group>"; };
		816A6C091EB5DECB00E5BF51 /* ViewController.h */ = {isa = PBXFileReference; lastKnownFileType = sourcecode.c.h; path = ViewController.h; sourceTree = "<group>"; };
		816A6C0A1EB5DECB00E5BF51 /* ViewController.m */ = {isa = PBXFileReference; lastKnownFileType = sourcecode.c.objc; path = ViewController.m; sourceTree = "<group>"; };
		816A6C0F1EB5DECC00E5BF51 /* Assets.xcassets */ = {isa = PBXFileReference; lastKnownFileType = folder.assetcatalog; path = Assets.xcassets; sourceTree = "<group>"; };
		816A6C141EB5DECC00E5BF51 /* Info.plist */ = {isa = PBXFileReference; lastKnownFileType = text.plist.xml; path = Info.plist; sourceTree = "<group>"; };
		816A6C191EB5DECC00E5BF51 /* CustomTabbarTests.xctest */ = {isa = PBXFileReference; explicitFileType = wrapper.cfbundle; includeInIndex = 0; path = CustomTabbarTests.xctest; sourceTree = BUILT_PRODUCTS_DIR; };
		816A6C1D1EB5DECC00E5BF51 /* CustomTabbarTests.m */ = {isa = PBXFileReference; lastKnownFileType = sourcecode.c.objc; path = CustomTabbarTests.m; sourceTree = "<group>"; };
		816A6C1F1EB5DECC00E5BF51 /* Info.plist */ = {isa = PBXFileReference; lastKnownFileType = text.plist.xml; path = Info.plist; sourceTree = "<group>"; };
		816A6C241EB5DECC00E5BF51 /* CustomTabbarUITests.xctest */ = {isa = PBXFileReference; explicitFileType = wrapper.cfbundle; includeInIndex = 0; path = CustomTabbarUITests.xctest; sourceTree = BUILT_PRODUCTS_DIR; };
		816A6C281EB5DECC00E5BF51 /* CustomTabbarUITests.m */ = {isa = PBXFileReference; lastKnownFileType = sourcecode.c.objc; path = CustomTabbarUITests.m; sourceTree = "<group>"; };
		816A6C2A1EB5DECC00E5BF51 /* Info.plist */ = {isa = PBXFileReference; lastKnownFileType = text.plist.xml; path = Info.plist; sourceTree = "<group>"; };
		816A6C391EB5EA6D00E5BF51 /* UITabBar+Custom.h */ = {isa = PBXFileReference; fileEncoding = 4; lastKnownFileType = sourcecode.c.h; path = "UITabBar+Custom.h"; sourceTree = "<group>"; };
		816A6C3A1EB5EA6D00E5BF51 /* UITabBar+Custom.m */ = {isa = PBXFileReference; fileEncoding = 4; lastKnownFileType = sourcecode.c.objc; path = "UITabBar+Custom.m"; sourceTree = "<group>"; };
/* End PBXFileReference section */

/* Begin PBXFrameworksBuildPhase section */
		816A6BFD1EB5DECB00E5BF51 /* Frameworks */ = {
			isa = PBXFrameworksBuildPhase;
			buildActionMask = 2147483647;
			files = (
			);
			runOnlyForDeploymentPostprocessing = 0;
		};
		816A6C161EB5DECC00E5BF51 /* Frameworks */ = {
			isa = PBXFrameworksBuildPhase;
			buildActionMask = 2147483647;
			files = (
			);
			runOnlyForDeploymentPostprocessing = 0;
		};
		816A6C211EB5DECC00E5BF51 /* Frameworks */ = {
			isa = PBXFrameworksBuildPhase;
			buildActionMask = 2147483647;
			files = (
			);
			runOnlyForDeploymentPostprocessing = 0;
		};
/* End PBXFrameworksBuildPhase section */

/* Begin PBXGroup section */
		816A6BF71EB5DECB00E5BF51 = {
			isa = PBXGroup;
			children = (
				816A6C021EB5DECB00E5BF51 /* CustomTabbar */,
				816A6C1C1EB5DECC00E5BF51 /* CustomTabbarTests */,
				816A6C271EB5DECC00E5BF51 /* CustomTabbarUITests */,
				816A6C011EB5DECB00E5BF51 /* Products */,
			);
			sourceTree = "<group>";
		};
		816A6C011EB5DECB00E5BF51 /* Products */ = {
			isa = PBXGroup;
			children = (
				816A6C001EB5DECB00E5BF51 /* CustomTabbar.app */,
				816A6C191EB5DECC00E5BF51 /* CustomTabbarTests.xctest */,
				816A6C241EB5DECC00E5BF51 /* CustomTabbarUITests.xctest */,
			);
			name = Products;
			sourceTree = "<group>";
		};
		816A6C021EB5DECB00E5BF51 /* CustomTabbar */ = {
			isa = PBXGroup;
			children = (
				816A6C391EB5EA6D00E5BF51 /* UITabBar+Custom.h */,
				816A6C3A1EB5EA6D00E5BF51 /* UITabBar+Custom.m */,
				816A6C061EB5DECB00E5BF51 /* AppDelegate.h */,
				816A6C071EB5DECB00E5BF51 /* AppDelegate.m */,
				816A6C091EB5DECB00E5BF51 /* ViewController.h */,
				816A6C0A1EB5DECB00E5BF51 /* ViewController.m */,
				816A6C0F1EB5DECC00E5BF51 /* Assets.xcassets */,
				816A6C141EB5DECC00E5BF51 /* Info.plist */,
				816A6C031EB5DECB00E5BF51 /* Supporting Files */,
			);
			path = CustomTabbar;
			sourceTree = "<group>";
		};
		816A6C031EB5DECB00E5BF51 /* Supporting Files */ = {
			isa = PBXGroup;
			children = (
				816A6C041EB5DECB00E5BF51 /* main.m */,
			);
			name = "Supporting Files";
			sourceTree = "<group>";
		};
		816A6C1C1EB5DECC00E5BF51 /* CustomTabbarTests */ = {
			isa = PBXGroup;
			children = (
				816A6C1D1EB5DECC00E5BF51 /* CustomTabbarTests.m */,
				816A6C1F1EB5DECC00E5BF51 /* Info.plist */,
			);
			path = CustomTabbarTests;
			sourceTree = "<group>";
		};
		816A6C271EB5DECC00E5BF51 /* CustomTabbarUITests */ = {
			isa = PBXGroup;
			children = (
				816A6C281EB5DECC00E5BF51 /* CustomTabbarUITests.m */,
				816A6C2A1EB5DECC00E5BF51 /* Info.plist */,
			);
			path = CustomTabbarUITests;
			sourceTree = "<group>";
		};
/* End PBXGroup section */

/* Begin PBXNativeTarget section */
		816A6BFF1EB5DECB00E5BF51 /* CustomTabbar */ = {
			isa = PBXNativeTarget;
			buildConfigurationList = 816A6C2D1EB5DECC00E5BF51 /* Build configuration list for PBXNativeTarget "CustomTabbar" */;
			buildPhases = (
				816A6BFC1EB5DECB00E5BF51 /* Sources */,
				816A6BFD1EB5DECB00E5BF51 /* Frameworks */,
				816A6BFE1EB5DECB00E5BF51 /* Resources */,
			);
			buildRules = (
			);
			dependencies = (
			);
			name = CustomTabbar;
			productName = CustomTabbar;
			productReference = 816A6C001EB5DECB00E5BF51 /* CustomTabbar.app */;
			productType = "com.apple.product-type.application";
		};
		816A6C181EB5DECC00E5BF51 /* CustomTabbarTests */ = {
			isa = PBXNativeTarget;
			buildConfigurationList = 816A6C301EB5DECC00E5BF51 /* Build configuration list for PBXNativeTarget "CustomTabbarTests" */;
			buildPhases = (
				816A6C151EB5DECC00E5BF51 /* Sources */,
				816A6C161EB5DECC00E5BF51 /* Frameworks */,
				816A6C171EB5DECC00E5BF51 /* Resources */,
			);
			buildRules = (
			);
			dependencies = (
				816A6C1B1EB5DECC00E5BF51 /* PBXTargetDependency */,
			);
			name = CustomTabbarTests;
			productName = CustomTabbarTests;
			productReference = 816A6C191EB5DECC00E5BF51 /* CustomTabbarTests.xctest */;
			productType = "com.apple.product-type.bundle.unit-test";
		};
		816A6C231EB5DECC00E5BF51 /* CustomTabbarUITests */ = {
			isa = PBXNativeTarget;
			buildConfigurationList = 816A6C331EB5DECC00E5BF51 /* Build configuration list for PBXNativeTarget "CustomTabbarUITests" */;
			buildPhases = (
				816A6C201EB5DECC00E5BF51 /* Sources */,
				816A6C211EB5DECC00E5BF51 /* Frameworks */,
				816A6C221EB5DECC00E5BF51 /* Resources */,
			);
			buildRules = (
			);
			dependencies = (
				816A6C261EB5DECC00E5BF51 /* PBXTargetDependency */,
			);
			name = CustomTabbarUITests;
			productName = CustomTabbarUITests;
			productReference = 816A6C241EB5DECC00E5BF51 /* CustomTabbarUITests.xctest */;
			productType = "com.apple.product-type.bundle.ui-testing";
		};
/* End PBXNativeTarget section */

/* Begin PBXProject section */
		816A6BF81EB5DECB00E5BF51 /* Project object */ = {
			isa = PBXProject;
			attributes = {
				LastUpgradeCheck = 0820;
				ORGANIZATIONNAME = "王恒求";
				TargetAttributes = {
					816A6BFF1EB5DECB00E5BF51 = {
						CreatedOnToolsVersion = 8.2.1;
						ProvisioningStyle = Automatic;
					};
					816A6C181EB5DECC00E5BF51 = {
						CreatedOnToolsVersion = 8.2.1;
						ProvisioningStyle = Automatic;
						TestTargetID = 816A6BFF1EB5DECB00E5BF51;
					};
					816A6C231EB5DECC00E5BF51 = {
						CreatedOnToolsVersion = 8.2.1;
						ProvisioningStyle = Automatic;
						TestTargetID = 816A6BFF1EB5DECB00E5BF51;
					};
				};
			};
			buildConfigurationList = 816A6BFB1EB5DECB00E5BF51 /* Build configuration list for PBXProject "CustomTabbar" */;
			compatibilityVersion = "Xcode 3.2";
			developmentRegion = English;
			hasScannedForEncodings = 0;
			knownRegions = (
				en,
				Base,
			);
			mainGroup = 816A6BF71EB5DECB00E5BF51;
			productRefGroup = 816A6C011EB5DECB00E5BF51 /* Products */;
			projectDirPath = "";
			projectRoot = "";
			targets = (
				816A6BFF1EB5DECB00E5BF51 /* CustomTabbar */,
				816A6C181EB5DECC00E5BF51 /* CustomTabbarTests */,
				816A6C231EB5DECC00E5BF51 /* CustomTabbarUITests */,
			);
		};
/* End PBXProject section */

/* Begin PBXResourcesBuildPhase section */
		816A6BFE1EB5DECB00E5BF51 /* Resources */ = {
			isa = PBXResourcesBuildPhase;
			buildActionMask = 2147483647;
			files = (
				816A6C101EB5DECC00E5BF51 /* Assets.xcassets in Resources */,
			);
			runOnlyForDeploymentPostprocessing = 0;
		};
		816A6C171EB5DECC00E5BF51 /* Resources */ = {
			isa = PBXResourcesBuildPhase;
			buildActionMask = 2147483647;
			files = (
			);
			runOnlyForDeploymentPostprocessing = 0;
		};
		816A6C221EB5DECC00E5BF51 /* Resources */ = {
			isa = PBXResourcesBuildPhase;
			buildActionMask = 2147483647;
			files = (
			);
			runOnlyForDeploymentPostprocessing = 0;
		};
/* End PBXResourcesBuildPhase section */

/* Begin PBXSourcesBuildPhase section */
		816A6BFC1EB5DECB00E5BF51 /* Sources */ = {
			isa = PBXSourcesBuildPhase;
			buildActionMask = 2147483647;
			files = (
				816A6C3B1EB5EA6D00E5BF51 /* UITabBar+Custom.m in Sources */,
				816A6C0B1EB5DECB00E5BF51 /* ViewController.m in Sources */,
				816A6C081EB5DECB00E5BF51 /* AppDelegate.m in Sources */,
				816A6C051EB5DECB00E5BF51 /* main.m in Sources */,
			);
			runOnlyForDeploymentPostprocessing = 0;
		};
		816A6C151EB5DECC00E5BF51 /* Sources */ = {
			isa = PBXSourcesBuildPhase;
			buildActionMask = 2147483647;
			files = (
				816A6C1E1EB5DECC00E5BF51 /* CustomTabbarTests.m in Sources */,
			);
			runOnlyForDeploymentPostprocessing = 0;
		};
		816A6C201EB5DECC00E5BF51 /* Sources */ = {
			isa = PBXSourcesBuildPhase;
			buildActionMask = 2147483647;
			files = (
				816A6C291EB5DECC00E5BF51 /* CustomTabbarUITests.m in Sources */,
			);
			runOnlyForDeploymentPostprocessing = 0;
		};
/* End PBXSourcesBuildPhase section */

/* Begin PBXTargetDependency section */
		816A6C1B1EB5DECC00E5BF51 /* PBXTargetDependency */ = {
			isa = PBXTargetDependency;
			target = 816A6BFF1EB5DECB00E5BF51 /* CustomTabbar */;
			targetProxy = 816A6C1A1EB5DECC00E5BF51 /* PBXContainerItemProxy */;
		};
		816A6C261EB5DECC00E5BF51 /* PBXTargetDependency */ = {
			isa = PBXTargetDependency;
			target = 816A6BFF1EB5DECB00E5BF51 /* CustomTabbar */;
			targetProxy = 816A6C251EB5DECC00E5BF51 /* PBXContainerItemProxy */;
		};
/* End PBXTargetDependency section */

/* Begin XCBuildConfiguration section */
		816A6C2B1EB5DECC00E5BF51 /* Debug */ = {
			isa = XCBuildConfiguration;
			buildSettings = {
				ALWAYS_SEARCH_USER_PATHS = NO;
				CLANG_ANALYZER_NONNULL = YES;
				CLANG_CXX_LANGUAGE_STANDARD = "gnu++0x";
				CLANG_CXX_LIBRARY = "libc++";
				CLANG_ENABLE_MODULES = YES;
				CLANG_ENABLE_OBJC_ARC = YES;
				CLANG_WARN_BOOL_CONVERSION = YES;
				CLANG_WARN_CONSTANT_CONVERSION = YES;
				CLANG_WARN_DIRECT_OBJC_ISA_USAGE = YES_ERROR;
				CLANG_WARN_DOCUMENTATION_COMMENTS = YES;
				CLANG_WARN_EMPTY_BODY = YES;
				CLANG_WARN_ENUM_CONVERSION = YES;
				CLANG_WARN_INFINITE_RECURSION = YES;
				CLANG_WARN_INT_CONVERSION = YES;
				CLANG_WARN_OBJC_ROOT_CLASS = YES_ERROR;
				CLANG_WARN_SUSPICIOUS_MOVE = YES;
				CLANG_WARN_UNREACHABLE_CODE = YES;
				CLANG_WARN__DUPLICATE_METHOD_MATCH = YES;
				"CODE_SIGN_IDENTITY[sdk=iphoneos*]" = "iPhone Developer";
				COPY_PHASE_STRIP = NO;
				DEBUG_INFORMATION_FORMAT = dwarf;
				ENABLE_STRICT_OBJC_MSGSEND = YES;
				ENABLE_TESTABILITY = YES;
				GCC_C_LANGUAGE_STANDARD = gnu99;
				GCC_DYNAMIC_NO_PIC = NO;
				GCC_NO_COMMON_BLOCKS = YES;
				GCC_OPTIMIZATION_LEVEL = 0;
				GCC_PREPROCESSOR_DEFINITIONS = (
					"DEBUG=1",
					"$(inherited)",
				);
				GCC_WARN_64_TO_32_BIT_CONVERSION = YES;
				GCC_WARN_ABOUT_RETURN_TYPE = YES_ERROR;
				GCC_WARN_UNDECLARED_SELECTOR = YES;
				GCC_WARN_UNINITIALIZED_AUTOS = YES_AGGRESSIVE;
				GCC_WARN_UNUSED_FUNCTION = YES;
				GCC_WARN_UNUSED_VARIABLE = YES;
				IPHONEOS_DEPLOYMENT_TARGET = 10.2;
				MTL_ENABLE_DEBUG_INFO = YES;
				ONLY_ACTIVE_ARCH = YES;
				SDKROOT = iphoneos;
				TARGETED_DEVICE_FAMILY = "1,2";
			};
			name = Debug;
		};
		816A6C2C1EB5DECC00E5BF51 /* Release */ = {
			isa = XCBuildConfiguration;
			buildSettings = {
				ALWAYS_SEARCH_USER_PATHS = NO;
				CLANG_ANALYZER_NONNULL = YES;
				CLANG_CXX_LANGUAGE_STANDARD = "gnu++0x";
				CLANG_CXX_LIBRARY = "libc++";
				CLANG_ENABLE_MODULES = YES;
				CLANG_ENABLE_OBJC_ARC = YES;
				CLANG_WARN_BOOL_CONVERSION = YES;
				CLANG_WARN_CONSTANT_CONVERSION = YES;
				CLANG_WARN_DIRECT_OBJC_ISA_USAGE = YES_ERROR;
				CLANG_WARN_DOCUMENTATION_COMMENTS = YES;
				CLANG_WARN_EMPTY_BODY = YES;
				CLANG_WARN_ENUM_CONVERSION = YES;
				CLANG_WARN_INFINITE_RECURSION = YES;
				CLANG_WARN_INT_CONVERSION = YES;
				CLANG_WARN_OBJC_ROOT_CLASS = YES_ERROR;
				CLANG_WARN_SUSPICIOUS_MOVE = YES;
				CLANG_WARN_UNREACHABLE_CODE = YES;
				CLANG_WARN__DUPLICATE_METHOD_MATCH = YES;
				"CODE_SIGN_IDENTITY[sdk=iphoneos*]" = "iPhone Developer";
				COPY_PHASE_STRIP = NO;
				DEBUG_INFORMATION_FORMAT = "dwarf-with-dsym";
				ENABLE_NS_ASSERTIONS = NO;
				ENABLE_STRICT_OBJC_MSGSEND = YES;
				GCC_C_LANGUAGE_STANDARD = gnu99;
				GCC_NO_COMMON_BLOCKS = YES;
				GCC_WARN_64_TO_32_BIT_CONVERSION = YES;
				GCC_WARN_ABOUT_RETURN_TYPE = YES_ERROR;
				GCC_WARN_UNDECLARED_SELECTOR = YES;
				GCC_WARN_UNINITIALIZED_AUTOS = YES_AGGRESSIVE;
				GCC_WARN_UNUSED_FUNCTION = YES;
				GCC_WARN_UNUSED_VARIABLE = YES;
				IPHONEOS_DEPLOYMENT_TARGET = 10.2;
				MTL_ENABLE_DEBUG_INFO = NO;
				SDKROOT = iphoneos;
				TARGETED_DEVICE_FAMILY = "1,2";
				VALIDATE_PRODUCT = YES;
			};
			name = Release;
		};
		816A6C2E1EB5DECC00E5BF51 /* Debug */ = {
			isa = XCBuildConfiguration;
			buildSettings = {
				ASSETCATALOG_COMPILER_APPICON_NAME = AppIcon;
				ASSETCATALOG_COMPILER_LAUNCHIMAGE_NAME = LaunchImage;
				INFOPLIST_FILE = CustomTabbar/Info.plist;
				IPHONEOS_DEPLOYMENT_TARGET = 8.0;
				LD_RUNPATH_SEARCH_PATHS = "$(inherited) @executable_path/Frameworks";
				PRODUCT_BUNDLE_IDENTIFIER = com.whq.test.CustomTabbar;
				PRODUCT_NAME = "$(TARGET_NAME)";
			};
			name = Debug;
		};
		816A6C2F1EB5DECC00E5BF51 /* Release */ = {
			isa = XCBuildConfiguration;
			buildSettings = {
				ASSETCATALOG_COMPILER_APPICON_NAME = AppIcon;
				ASSETCATALOG_COMPILER_LAUNCHIMAGE_NAME = LaunchImage;
				INFOPLIST_FILE = CustomTabbar/Info.plist;
				IPHONEOS_DEPLOYMENT_TARGET = 8.0;
				LD_RUNPATH_SEARCH_PATHS = "$(inherited) @executable_path/Frameworks";
				PRODUCT_BUNDLE_IDENTIFIER = com.whq.test.CustomTabbar;
				PRODUCT_NAME = "$(TARGET_NAME)";
			};
			name = Release;
		};
		816A6C311EB5DECC00E5BF51 /* Debug */ = {
			isa = XCBuildConfiguration;
			buildSettings = {
				BUNDLE_LOADER = "$(TEST_HOST)";
				INFOPLIST_FILE = CustomTabbarTests/Info.plist;
				LD_RUNPATH_SEARCH_PATHS = "$(inherited) @executable_path/Frameworks @loader_path/Frameworks";
				PRODUCT_BUNDLE_IDENTIFIER = com.whq.test.CustomTabbarTests;
				PRODUCT_NAME = "$(TARGET_NAME)";
				TEST_HOST = "$(BUILT_PRODUCTS_DIR)/CustomTabbar.app/CustomTabbar";
			};
			name = Debug;
		};
		816A6C321EB5DECC00E5BF51 /* Release */ = {
			isa = XCBuildConfiguration;
			buildSettings = {
				BUNDLE_LOADER = "$(TEST_HOST)";
				INFOPLIST_FILE = CustomTabbarTests/Info.plist;
				LD_RUNPATH_SEARCH_PATHS = "$(inherited) @executable_path/Frameworks @loader_path/Frameworks";
				PRODUCT_BUNDLE_IDENTIFIER = com.whq.test.CustomTabbarTests;
				PRODUCT_NAME = "$(TARGET_NAME)";
				TEST_HOST = "$(BUILT_PRODUCTS_DIR)/CustomTabbar.app/CustomTabbar";
			};
			name = Release;
		};
		816A6C341EB5DECC00E5BF51 /* Debug */ = {
			isa = XCBuildConfiguration;
			buildSettings = {
				INFOPLIST_FILE = CustomTabbarUITests/Info.plist;
				LD_RUNPATH_SEARCH_PATHS = "$(inherited) @executable_path/Frameworks @loader_path/Frameworks";
				PRODUCT_BUNDLE_IDENTIFIER = com.whq.test.CustomTabbarUITests;
				PRODUCT_NAME = "$(TARGET_NAME)";
				TEST_TARGET_NAME = CustomTabbar;
			};
			name = Debug;
		};
		816A6C351EB5DECC00E5BF51 /* Release */ = {
			isa = XCBuildConfiguration;
			buildSettings = {
				INFOPLIST_FILE = CustomTabbarUITests/Info.plist;
				LD_RUNPATH_SEARCH_PATHS = "$(inherited) @executable_path/Frameworks @loader_path/Frameworks";
				PRODUCT_BUNDLE_IDENTIFIER = com.whq.test.CustomTabbarUITests;
				PRODUCT_NAME = "$(TARGET_NAME)";
				TEST_TARGET_NAME = CustomTabbar;
			};
			name = Release;
		};
/* End XCBuildConfiguration section */

/* Begin XCConfigurationList section */
		816A6BFB1EB5DECB00E5BF51 /* Build configuration list for PBXProject "CustomTabbar" */ = {
			isa = XCConfigurationList;
			buildConfigurations = (
				816A6C2B1EB5DECC00E5BF51 /* Debug */,
				816A6C2C1EB5DECC00E5BF51 /* Release */,
			);
			defaultConfigurationIsVisible = 0;
			defaultConfigurationName = Release;
		};
		816A6C2D1EB5DECC00E5BF51 /* Build configuration list for PBXNativeTarget "CustomTabbar" */ = {
			isa = XCConfigurationList;
			buildConfigurations = (
				816A6C2E1EB5DECC00E5BF51 /* Debug */,
				816A6C2F1EB5DECC00E5BF51 /* Release */,
			);
			defaultConfigurationIsVisible = 0;
		};
		816A6C301EB5DECC00E5BF51 /* Build configuration list for PBXNativeTarget "CustomTabbarTests" */ = {
			isa = XCConfigurationList;
			buildConfigurations = (
				816A6C311EB5DECC00E5BF51 /* Debug */,
				816A6C321EB5DECC00E5BF51 /* Release */,
			);
			defaultConfigurationIsVisible = 0;
		};
		816A6C331EB5DECC00E5BF51 /* Build configuration list for PBXNativeTarget "CustomTabbarUITests" */ = {
			isa = XCConfigurationList;
			buildConfigurations = (
				816A6C341EB5DECC00E5BF51 /* Debug */,
				816A6C351EB5DECC00E5BF51 /* Release */,
			);
			defaultConfigurationIsVisible = 0;
		};
/* End XCConfigurationList section */
	};
	rootObject = 816A6BF81EB5DECB00E5BF51 /* Project object */;
}
